
Microsoft Visual Studio Solution File, Format Version 11.00
# Visual Studio 2010
Project("{8BC9CEB8-8B4A-11D0-8D11-00A0C91BC942}") = "VistaFeatures", "VistaFeatures.vcxproj", "{1BEC0C89-B71C-40D8-9C0E-D2C146E67273}"
EndProject
Global
	GlobalSection(SolutionConfigurationPlatforms) = preSolution
		Debug|Win32 = Debug|Win32
		Release|Win32 = Release|Win32
	EndGlobalSection
	GlobalSection(ProjectConfigurationPlatforms) = postSolution
		{1BEC0C89-B71C-40D8-9C0E-D2C146E67273}.Debug|Win32.ActiveCfg = Debug|Win32
		{1BEC0C89-B71C-40D8-9C0E-D2C146E67273}.Release|Win32.ActiveCfg = Release|Win32
	EndGlobalSection
	GlobalSection(SolutionProperties) = preSolution
		HideSolutionNode = FALSE
	EndGlobalSection
EndGlobal
